// !$*UTF8*$!
{
	archiveVersion = 1;
	classes = {
	};
	objectVersion = 50;
	objects = {

/* Begin PBXBuildFile section */
		1AFF10369A48141D72303000 /* Pods_bitcoinGO.framework in Frameworks */ = {isa = PBXBuildFile; fileRef = 226D8180C6959DB47EB66C14 /* Pods_bitcoinGO.framework */; };
		6E1DFFF120B4C76D0037F27D /* LabelExtension.swift in Sources */ = {isa = PBXBuildFile; fileRef = 6E1DFFF020B4C76D0037F27D /* LabelExtension.swift */; };
		6E364DB120B7A7A5002816A7 /* Source in Resources */ = {isa = PBXBuildFile; fileRef = 6E364DB020B7A7A5002816A7 /* Source */; };
		6E68ED2820AE155B00A2DD47 /* AppDelegate.swift in Sources */ = {isa = PBXBuildFile; fileRef = 6E68ED2720AE155B00A2DD47 /* AppDelegate.swift */; };
		6E68ED2A20AE155B00A2DD47 /* HomeViewController.swift in Sources */ = {isa = PBXBuildFile; fileRef = 6E68ED2920AE155B00A2DD47 /* HomeViewController.swift */; };
		6E68ED2D20AE155B00A2DD47 /* Main.storyboard in Resources */ = {isa = PBXBuildFile; fileRef = 6E68ED2B20AE155B00A2DD47 /* Main.storyboard */; };
		6E68ED2F20AE155E00A2DD47 /* Assets.xcassets in Resources */ = {isa = PBXBuildFile; fileRef = 6E68ED2E20AE155E00A2DD47 /* Assets.xcassets */; };
		6E68ED3220AE155E00A2DD47 /* LaunchScreen.storyboard in Resources */ = {isa = PBXBuildFile; fileRef = 6E68ED3020AE155E00A2DD47 /* LaunchScreen.storyboard */; };
		6E68ED3D20AE155F00A2DD47 /* bitcoinGOTests.swift in Sources */ = {isa = PBXBuildFile; fileRef = 6E68ED3C20AE155F00A2DD47 /* bitcoinGOTests.swift */; };
		6E68ED4820AE155F00A2DD47 /* bitcoinGOUITests.swift in Sources */ = {isa = PBXBuildFile; fileRef = 6E68ED4720AE155F00A2DD47 /* bitcoinGOUITests.swift */; };
		6E68ED5620AE159500A2DD47 /* GoogleService-Info.plist in Resources */ = {isa = PBXBuildFile; fileRef = 6E68ED5520AE159500A2DD47 /* GoogleService-Info.plist */; };
		6EB68BE520B6395B00C45739 /* MapViewController.swift in Sources */ = {isa = PBXBuildFile; fileRef = 6EB68BE420B6395B00C45739 /* MapViewController.swift */; };
		6EB68BE720B7524300C45739 /* SignUpViewController.swift in Sources */ = {isa = PBXBuildFile; fileRef = 6EB68BE620B7524300C45739 /* SignUpViewController.swift */; };
		8440C8EB56798EEF668BD058 /* Pods_bitcoinGOUITests.framework in Frameworks */ = {isa = PBXBuildFile; fileRef = 224FC55928D856C7228B5F8C /* Pods_bitcoinGOUITests.framework */; };
		CD62F29B3F5C5242FA425BAE /* Pods_bitcoinGOTests.framework in Frameworks */ = {isa = PBXBuildFile; fileRef = 738D8755E8126161063A53CC /* Pods_bitcoinGOTests.framework */; };
/* End PBXBuildFile section */

/* Begin PBXContainerItemProxy section */
		6E68ED3920AE155F00A2DD47 /* PBXContainerItemProxy */ = {
			isa = PBXContainerItemProxy;
			containerPortal = 6E68ED1C20AE155B00A2DD47 /* Project object */;
			proxyType = 1;
			remoteGlobalIDString = 6E68ED2320AE155B00A2DD47;
			remoteInfo = bitcoinGO;
		};
		6E68ED4420AE155F00A2DD47 /* PBXContainerItemProxy */ = {
			isa = PBXContainerItemProxy;
			containerPortal = 6E68ED1C20AE155B00A2DD47 /* Project object */;
			proxyType = 1;
			remoteGlobalIDString = 6E68ED2320AE155B00A2DD47;
			remoteInfo = bitcoinGO;
		};
/* End PBXContainerItemProxy section */

/* Begin PBXFileReference section */
		1269F5C75AFE16217ACFF4E1 /* Pods-bitcoinGOTests.debug.xcconfig */ = {isa = PBXFileReference; includeInIndex = 1; lastKnownFileType = text.xcconfig; name = "Pods-bitcoinGOTests.debug.xcconfig"; path = "Pods/Target Support Files/Pods-bitcoinGOTests/Pods-bitcoinGOTests.debug.xcconfig"; sourceTree = "<group>"; };
		224FC55928D856C7228B5F8C /* Pods_bitcoinGOUITests.framework */ = {isa = PBXFileReference; explicitFileType = wrapper.framework; includeInIndex = 0; path = Pods_bitcoinGOUITests.framework; sourceTree = BUILT_PRODUCTS_DIR; };
		226D8180C6959DB47EB66C14 /* Pods_bitcoinGO.framework */ = {isa = PBXFileReference; explicitFileType = wrapper.framework; includeInIndex = 0; path = Pods_bitcoinGO.framework; sourceTree = BUILT_PRODUCTS_DIR; };
		4E49BA6CECEFFB0FF8A61885 /* Pods-bitcoinGOTests.release.xcconfig */ = {isa = PBXFileReference; includeInIndex = 1; lastKnownFileType = text.xcconfig; name = "Pods-bitcoinGOTests.release.xcconfig"; path = "Pods/Target Support Files/Pods-bitcoinGOTests/Pods-bitcoinGOTests.release.xcconfig"; sourceTree = "<group>"; };
		5D95CB743A37C735F48ADE1C /* Pods-bitcoinGO.release.xcconfig */ = {isa = PBXFileReference; includeInIndex = 1; lastKnownFileType = text.xcconfig; name = "Pods-bitcoinGO.release.xcconfig"; path = "Pods/Target Support Files/Pods-bitcoinGO/Pods-bitcoinGO.release.xcconfig"; sourceTree = "<group>"; };
		654CF1190F14C24444F71FC1 /* Pods-bitcoinGOUITests.debug.xcconfig */ = {isa = PBXFileReference; includeInIndex = 1; lastKnownFileType = text.xcconfig; name = "Pods-bitcoinGOUITests.debug.xcconfig"; path = "Pods/Target Support Files/Pods-bitcoinGOUITests/Pods-bitcoinGOUITests.debug.xcconfig"; sourceTree = "<group>"; };
		6B7678607E12E40B19386EC3 /* Pods-bitcoinGOUITests.release.xcconfig */ = {isa = PBXFileReference; includeInIndex = 1; lastKnownFileType = text.xcconfig; name = "Pods-bitcoinGOUITests.release.xcconfig"; path = "Pods/Target Support Files/Pods-bitcoinGOUITests/Pods-bitcoinGOUITests.release.xcconfig"; sourceTree = "<group>"; };
		6E1DFFEF20B4C6070037F27D /* UrbanJungleDEMO.otf */ = {isa = PBXFileReference; lastKnownFileType = file; path = UrbanJungleDEMO.otf; sourceTree = "<group>"; };
		6E1DFFF020B4C76D0037F27D /* LabelExtension.swift */ = {isa = PBXFileReference; lastKnownFileType = sourcecode.swift; path = LabelExtension.swift; sourceTree = "<group>"; };
		6E364DB020B7A7A5002816A7 /* Source */ = {isa = PBXFileReference; lastKnownFileType = folder; path = Source; sourceTree = "<group>"; };
		6E3860FD20B7766A00B3266D /* bitcoinGO.entitlements */ = {isa = PBXFileReference; lastKnownFileType = text.plist.entitlements; path = bitcoinGO.entitlements; sourceTree = "<group>"; };
		6E68ED2420AE155B00A2DD47 /* bitcoinGO.app */ = {isa = PBXFileReference; explicitFileType = wrapper.application; includeInIndex = 0; path = bitcoinGO.app; sourceTree = BUILT_PRODUCTS_DIR; };
		6E68ED2720AE155B00A2DD47 /* AppDelegate.swift */ = {isa = PBXFileReference; lastKnownFileType = sourcecode.swift; path = AppDelegate.swift; sourceTree = "<group>"; };
		6E68ED2920AE155B00A2DD47 /* HomeViewController.swift */ = {isa = PBXFileReference; lastKnownFileType = sourcecode.swift; path = HomeViewController.swift; sourceTree = "<group>"; };
		6E68ED2C20AE155B00A2DD47 /* Base */ = {isa = PBXFileReference; lastKnownFileType = file.storyboard; name = Base; path = Base.lproj/Main.storyboard; sourceTree = "<group>"; };
		6E68ED2E20AE155E00A2DD47 /* Assets.xcassets */ = {isa = PBXFileReference; lastKnownFileType = folder.assetcatalog; path = Assets.xcassets; sourceTree = "<group>"; };
		6E68ED3120AE155E00A2DD47 /* Base */ = {isa = PBXFileReference; lastKnownFileType = file.storyboard; name = Base; path = Base.lproj/LaunchScreen.storyboard; sourceTree = "<group>"; };
		6E68ED3320AE155E00A2DD47 /* Info.plist */ = {isa = PBXFileReference; lastKnownFileType = text.plist.xml; path = Info.plist; sourceTree = "<group>"; };
		6E68ED3820AE155E00A2DD47 /* bitcoinGOTests.xctest */ = {isa = PBXFileReference; explicitFileType = wrapper.cfbundle; includeInIndex = 0; path = bitcoinGOTests.xctest; sourceTree = BUILT_PRODUCTS_DIR; };
		6E68ED3C20AE155F00A2DD47 /* bitcoinGOTests.swift */ = {isa = PBXFileReference; lastKnownFileType = sourcecode.swift; path = bitcoinGOTests.swift; sourceTree = "<group>"; };
		6E68ED3E20AE155F00A2DD47 /* Info.plist */ = {isa = PBXFileReference; lastKnownFileType = text.plist.xml; path = Info.plist; sourceTree = "<group>"; };
		6E68ED4320AE155F00A2DD47 /* bitcoinGOUITests.xctest */ = {isa = PBXFileReference; explicitFileType = wrapper.cfbundle; includeInIndex = 0; path = bitcoinGOUITests.xctest; sourceTree = BUILT_PRODUCTS_DIR; };
		6E68ED4720AE155F00A2DD47 /* bitcoinGOUITests.swift */ = {isa = PBXFileReference; lastKnownFileType = sourcecode.swift; path = bitcoinGOUITests.swift; sourceTree = "<group>"; };
		6E68ED4920AE155F00A2DD47 /* Info.plist */ = {isa = PBXFileReference; lastKnownFileType = text.plist.xml; path = Info.plist; sourceTree = "<group>"; };
		6E68ED5520AE159500A2DD47 /* GoogleService-Info.plist */ = {isa = PBXFileReference; fileEncoding = 4; lastKnownFileType = text.plist.xml; path = "GoogleService-Info.plist"; sourceTree = "<group>"; };
		6EB68BE320B621D200C45739 /* AlteHaasGroteskBold.ttf */ = {isa = PBXFileReference; lastKnownFileType = file; path = AlteHaasGroteskBold.ttf; sourceTree = "<group>"; };
		6EB68BE420B6395B00C45739 /* MapViewController.swift */ = {isa = PBXFileReference; lastKnownFileType = sourcecode.swift; path = MapViewController.swift; sourceTree = "<group>"; };
		6EB68BE620B7524300C45739 /* SignUpViewController.swift */ = {isa = PBXFileReference; lastKnownFileType = sourcecode.swift; name = SignUpViewController.swift; path = /Users/jcrouse/Documents/bitcoinGO/bitcoinGO/SignUpViewController.swift; sourceTree = "<absolute>"; };
		6EEC0BC420AE71420065D724 /* AlteHaasGroteskRegular.ttf */ = {isa = PBXFileReference; lastKnownFileType = file; path = AlteHaasGroteskRegular.ttf; sourceTree = "<group>"; };
		738D8755E8126161063A53CC /* Pods_bitcoinGOTests.framework */ = {isa = PBXFileReference; explicitFileType = wrapper.framework; includeInIndex = 0; path = Pods_bitcoinGOTests.framework; sourceTree = BUILT_PRODUCTS_DIR; };
		E266BE0F7E425AB5A204A559 /* Pods-bitcoinGO.debug.xcconfig */ = {isa = PBXFileReference; includeInIndex = 1; lastKnownFileType = text.xcconfig; name = "Pods-bitcoinGO.debug.xcconfig"; path = "Pods/Target Support Files/Pods-bitcoinGO/Pods-bitcoinGO.debug.xcconfig"; sourceTree = "<group>"; };
/* End PBXFileReference section */

/* Begin PBXFrameworksBuildPhase section */
		6E68ED2120AE155B00A2DD47 /* Frameworks */ = {
			isa = PBXFrameworksBuildPhase;
			buildActionMask = 2147483647;
			files = (
				1AFF10369A48141D72303000 /* Pods_bitcoinGO.framework in Frameworks */,
			);
			runOnlyForDeploymentPostprocessing = 0;
		};
		6E68ED3520AE155E00A2DD47 /* Frameworks */ = {
			isa = PBXFrameworksBuildPhase;
			buildActionMask = 2147483647;
			files = (
				CD62F29B3F5C5242FA425BAE /* Pods_bitcoinGOTests.framework in Frameworks */,
			);
			runOnlyForDeploymentPostprocessing = 0;
		};
		6E68ED4020AE155F00A2DD47 /* Frameworks */ = {
			isa = PBXFrameworksBuildPhase;
			buildActionMask = 2147483647;
			files = (
				8440C8EB56798EEF668BD058 /* Pods_bitcoinGOUITests.framework in Frameworks */,
			);
			runOnlyForDeploymentPostprocessing = 0;
		};
/* End PBXFrameworksBuildPhase section */

/* Begin PBXGroup section */
		6E68ED1B20AE155A00A2DD47 = {
			isa = PBXGroup;
			children = (
				6E68ED2620AE155B00A2DD47 /* bitcoinGO */,
				6E68ED3B20AE155F00A2DD47 /* bitcoinGOTests */,
				6E68ED4620AE155F00A2DD47 /* bitcoinGOUITests */,
				6E68ED2520AE155B00A2DD47 /* Products */,
				B0439A7BDB924E5F1B3B3CAD /* Pods */,
				CCB94372B65DD7795416CA10 /* Frameworks */,
			);
			sourceTree = "<group>";
		};
		6E68ED2520AE155B00A2DD47 /* Products */ = {
			isa = PBXGroup;
			children = (
				6E68ED2420AE155B00A2DD47 /* bitcoinGO.app */,
				6E68ED3820AE155E00A2DD47 /* bitcoinGOTests.xctest */,
				6E68ED4320AE155F00A2DD47 /* bitcoinGOUITests.xctest */,
			);
			name = Products;
			sourceTree = "<group>";
		};
		6E68ED2620AE155B00A2DD47 /* bitcoinGO */ = {
			isa = PBXGroup;
			children = (
				6E364DB020B7A7A5002816A7 /* Source */,
				6E3860FD20B7766A00B3266D /* bitcoinGO.entitlements */,
				6E68ED2720AE155B00A2DD47 /* AppDelegate.swift */,
				6E68ED2B20AE155B00A2DD47 /* Main.storyboard */,
				6E68ED2920AE155B00A2DD47 /* HomeViewController.swift */,
				6EB68BE620B7524300C45739 /* SignUpViewController.swift */,
				6EB68BE420B6395B00C45739 /* MapViewController.swift */,
				6E1DFFF020B4C76D0037F27D /* LabelExtension.swift */,
				6E68ED2E20AE155E00A2DD47 /* Assets.xcassets */,
				6E68ED3020AE155E00A2DD47 /* LaunchScreen.storyboard */,
				6E68ED3320AE155E00A2DD47 /* Info.plist */,
				6E68ED5520AE159500A2DD47 /* GoogleService-Info.plist */,
				6EEC0BC320AE71060065D724 /* fonts */,
			);
			path = bitcoinGO;
			sourceTree = "<group>";
		};
		6E68ED3B20AE155F00A2DD47 /* bitcoinGOTests */ = {
			isa = PBXGroup;
			children = (
				6E68ED3C20AE155F00A2DD47 /* bitcoinGOTests.swift */,
				6E68ED3E20AE155F00A2DD47 /* Info.plist */,
			);
			path = bitcoinGOTests;
			sourceTree = "<group>";
		};
		6E68ED4620AE155F00A2DD47 /* bitcoinGOUITests */ = {
			isa = PBXGroup;
			children = (
				6E68ED4720AE155F00A2DD47 /* bitcoinGOUITests.swift */,
				6E68ED4920AE155F00A2DD47 /* Info.plist */,
			);
			path = bitcoinGOUITests;
			sourceTree = "<group>";
		};
		6EEC0BC320AE71060065D724 /* fonts */ = {
			isa = PBXGroup;
			children = (
				6E1DFFEF20B4C6070037F27D /* UrbanJungleDEMO.otf */,
				6EEC0BC420AE71420065D724 /* AlteHaasGroteskRegular.ttf */,
				6EB68BE320B621D200C45739 /* AlteHaasGroteskBold.ttf */,
			);
			path = fonts;
			sourceTree = "<group>";
		};
		B0439A7BDB924E5F1B3B3CAD /* Pods */ = {
			isa = PBXGroup;
			children = (
				E266BE0F7E425AB5A204A559 /* Pods-bitcoinGO.debug.xcconfig */,
				5D95CB743A37C735F48ADE1C /* Pods-bitcoinGO.release.xcconfig */,
				1269F5C75AFE16217ACFF4E1 /* Pods-bitcoinGOTests.debug.xcconfig */,
				4E49BA6CECEFFB0FF8A61885 /* Pods-bitcoinGOTests.release.xcconfig */,
				654CF1190F14C24444F71FC1 /* Pods-bitcoinGOUITests.debug.xcconfig */,
				6B7678607E12E40B19386EC3 /* Pods-bitcoinGOUITests.release.xcconfig */,
			);
			name = Pods;
			sourceTree = "<group>";
		};
		CCB94372B65DD7795416CA10 /* Frameworks */ = {
			isa = PBXGroup;
			children = (
				226D8180C6959DB47EB66C14 /* Pods_bitcoinGO.framework */,
				738D8755E8126161063A53CC /* Pods_bitcoinGOTests.framework */,
				224FC55928D856C7228B5F8C /* Pods_bitcoinGOUITests.framework */,
			);
			name = Frameworks;
			sourceTree = "<group>";
		};
/* End PBXGroup section */

/* Begin PBXNativeTarget section */
		6E68ED2320AE155B00A2DD47 /* bitcoinGO */ = {
			isa = PBXNativeTarget;
			buildConfigurationList = 6E68ED4C20AE155F00A2DD47 /* Build configuration list for PBXNativeTarget "bitcoinGO" */;
			buildPhases = (
				2F57F059BB28B243F6BC72D1 /* [CP] Check Pods Manifest.lock */,
				6E68ED2020AE155B00A2DD47 /* Sources */,
				6E68ED2120AE155B00A2DD47 /* Frameworks */,
				6E68ED2220AE155B00A2DD47 /* Resources */,
				78DCF1FD726C3DB3285B8168 /* [CP] Embed Pods Frameworks */,
			);
			buildRules = (
			);
			dependencies = (
			);
			name = bitcoinGO;
			productName = bitcoinGO;
			productReference = 6E68ED2420AE155B00A2DD47 /* bitcoinGO.app */;
			productType = "com.apple.product-type.application";
		};
		6E68ED3720AE155E00A2DD47 /* bitcoinGOTests */ = {
			isa = PBXNativeTarget;
			buildConfigurationList = 6E68ED4F20AE155F00A2DD47 /* Build configuration list for PBXNativeTarget "bitcoinGOTests" */;
			buildPhases = (
				99461309610B8D22A5A23757 /* [CP] Check Pods Manifest.lock */,
				6E68ED3420AE155E00A2DD47 /* Sources */,
				6E68ED3520AE155E00A2DD47 /* Frameworks */,
				6E68ED3620AE155E00A2DD47 /* Resources */,
			);
			buildRules = (
			);
			dependencies = (
				6E68ED3A20AE155F00A2DD47 /* PBXTargetDependency */,
			);
			name = bitcoinGOTests;
			productName = bitcoinGOTests;
			productReference = 6E68ED3820AE155E00A2DD47 /* bitcoinGOTests.xctest */;
			productType = "com.apple.product-type.bundle.unit-test";
		};
		6E68ED4220AE155F00A2DD47 /* bitcoinGOUITests */ = {
			isa = PBXNativeTarget;
			buildConfigurationList = 6E68ED5220AE155F00A2DD47 /* Build configuration list for PBXNativeTarget "bitcoinGOUITests" */;
			buildPhases = (
				7B51AD9443BF959A7DBB9200 /* [CP] Check Pods Manifest.lock */,
				6E68ED3F20AE155F00A2DD47 /* Sources */,
				6E68ED4020AE155F00A2DD47 /* Frameworks */,
				6E68ED4120AE155F00A2DD47 /* Resources */,
			);
			buildRules = (
			);
			dependencies = (
				6E68ED4520AE155F00A2DD47 /* PBXTargetDependency */,
			);
			name = bitcoinGOUITests;
			productName = bitcoinGOUITests;
			productReference = 6E68ED4320AE155F00A2DD47 /* bitcoinGOUITests.xctest */;
			productType = "com.apple.product-type.bundle.ui-testing";
		};
/* End PBXNativeTarget section */

/* Begin PBXProject section */
		6E68ED1C20AE155B00A2DD47 /* Project object */ = {
			isa = PBXProject;
			attributes = {
				LastSwiftUpdateCheck = 0930;
				LastUpgradeCheck = 0930;
				ORGANIZATIONNAME = "Jason Crouse";
				TargetAttributes = {
					6E68ED2320AE155B00A2DD47 = {
						CreatedOnToolsVersion = 9.3;
						SystemCapabilities = {
							com.apple.Push = {
								enabled = 1;
							};
							com.apple.SafariKeychain = {
								enabled = 1;
							};
						};
					};
					6E68ED3720AE155E00A2DD47 = {
						CreatedOnToolsVersion = 9.3;
						TestTargetID = 6E68ED2320AE155B00A2DD47;
					};
					6E68ED4220AE155F00A2DD47 = {
						CreatedOnToolsVersion = 9.3;
						TestTargetID = 6E68ED2320AE155B00A2DD47;
					};
				};
			};
			buildConfigurationList = 6E68ED1F20AE155B00A2DD47 /* Build configuration list for PBXProject "bitcoinGO" */;
			compatibilityVersion = "Xcode 9.3";
			developmentRegion = en;
			hasScannedForEncodings = 0;
			knownRegions = (
				en,
				Base,
			);
			mainGroup = 6E68ED1B20AE155A00A2DD47;
			productRefGroup = 6E68ED2520AE155B00A2DD47 /* Products */;
			projectDirPath = "";
			projectRoot = "";
			targets = (
				6E68ED2320AE155B00A2DD47 /* bitcoinGO */,
				6E68ED3720AE155E00A2DD47 /* bitcoinGOTests */,
				6E68ED4220AE155F00A2DD47 /* bitcoinGOUITests */,
			);
		};
/* End PBXProject section */

/* Begin PBXResourcesBuildPhase section */
		6E68ED2220AE155B00A2DD47 /* Resources */ = {
			isa = PBXResourcesBuildPhase;
			buildActionMask = 2147483647;
			files = (
				6E364DB120B7A7A5002816A7 /* Source in Resources */,
				6E68ED3220AE155E00A2DD47 /* LaunchScreen.storyboard in Resources */,
				6E68ED5620AE159500A2DD47 /* GoogleService-Info.plist in Resources */,
				6E68ED2F20AE155E00A2DD47 /* Assets.xcassets in Resources */,
				6E68ED2D20AE155B00A2DD47 /* Main.storyboard in Resources */,
			);
			runOnlyForDeploymentPostprocessing = 0;
		};
		6E68ED3620AE155E00A2DD47 /* Resources */ = {
			isa = PBXResourcesBuildPhase;
			buildActionMask = 2147483647;
			files = (
			);
			runOnlyForDeploymentPostprocessing = 0;
		};
		6E68ED4120AE155F00A2DD47 /* Resources */ = {
			isa = PBXResourcesBuildPhase;
			buildActionMask = 2147483647;
			files = (
			);
			runOnlyForDeploymentPostprocessing = 0;
		};
/* End PBXResourcesBuildPhase section */

/* Begin PBXShellScriptBuildPhase section */
		2F57F059BB28B243F6BC72D1 /* [CP] Check Pods Manifest.lock */ = {
			isa = PBXShellScriptBuildPhase;
			buildActionMask = 2147483647;
			files = (
			);
			inputPaths = (
				"${PODS_PODFILE_DIR_PATH}/Podfile.lock",
				"${PODS_ROOT}/Manifest.lock",
			);
			name = "[CP] Check Pods Manifest.lock";
			outputPaths = (
				"$(DERIVED_FILE_DIR)/Pods-bitcoinGO-checkManifestLockResult.txt",
			);
			runOnlyForDeploymentPostprocessing = 0;
			shellPath = /bin/sh;
			shellScript = "diff \"${PODS_PODFILE_DIR_PATH}/Podfile.lock\" \"${PODS_ROOT}/Manifest.lock\" > /dev/null\nif [ $? != 0 ] ; then\n    # print error to STDERR\n    echo \"error: The sandbox is not in sync with the Podfile.lock. Run 'pod install' or update your CocoaPods installation.\" >&2\n    exit 1\nfi\n# This output is used by Xcode 'outputs' to avoid re-running this script phase.\necho \"SUCCESS\" > \"${SCRIPT_OUTPUT_FILE_0}\"\n";
			showEnvVarsInLog = 0;
		};
		78DCF1FD726C3DB3285B8168 /* [CP] Embed Pods Frameworks */ = {
			isa = PBXShellScriptBuildPhase;
			buildActionMask = 2147483647;
			files = (
			);
			inputPaths = (
				"${SRCROOT}/Pods/Target Support Files/Pods-bitcoinGO/Pods-bitcoinGO-frameworks.sh",
				"${BUILT_PRODUCTS_DIR}/ARCL/ARCL.framework",
				"${BUILT_PRODUCTS_DIR}/Bolts/Bolts.framework",
				"${BUILT_PRODUCTS_DIR}/FBSDKCoreKit/FBSDKCoreKit.framework",
				"${BUILT_PRODUCTS_DIR}/FBSDKLoginKit/FBSDKLoginKit.framework",
				"${BUILT_PRODUCTS_DIR}/FBSDKShareKit/FBSDKShareKit.framework",
				"${BUILT_PRODUCTS_DIR}/FacebookCore/FacebookCore.framework",
				"${BUILT_PRODUCTS_DIR}/FacebookLogin/FacebookLogin.framework",
				"${BUILT_PRODUCTS_DIR}/FacebookShare/FacebookShare.framework",
				"${BUILT_PRODUCTS_DIR}/GTMSessionFetcher/GTMSessionFetcher.framework",
				"${BUILT_PRODUCTS_DIR}/GoogleToolboxForMac/GoogleToolboxForMac.framework",
				"${BUILT_PRODUCTS_DIR}/SinchVerification-Swift/SinchVerification.framework",
				"${BUILT_PRODUCTS_DIR}/nanopb/nanopb.framework",
			);
			name = "[CP] Embed Pods Frameworks";
			outputPaths = (
				"${TARGET_BUILD_DIR}/${FRAMEWORKS_FOLDER_PATH}/ARCL.framework",
				"${TARGET_BUILD_DIR}/${FRAMEWORKS_FOLDER_PATH}/Bolts.framework",
				"${TARGET_BUILD_DIR}/${FRAMEWORKS_FOLDER_PATH}/FBSDKCoreKit.framework",
				"${TARGET_BUILD_DIR}/${FRAMEWORKS_FOLDER_PATH}/FBSDKLoginKit.framework",
				"${TARGET_BUILD_DIR}/${FRAMEWORKS_FOLDER_PATH}/FBSDKShareKit.framework",
				"${TARGET_BUILD_DIR}/${FRAMEWORKS_FOLDER_PATH}/FacebookCore.framework",
				"${TARGET_BUILD_DIR}/${FRAMEWORKS_FOLDER_PATH}/FacebookLogin.framework",
				"${TARGET_BUILD_DIR}/${FRAMEWORKS_FOLDER_PATH}/FacebookShare.framework",
				"${TARGET_BUILD_DIR}/${FRAMEWORKS_FOLDER_PATH}/GTMSessionFetcher.framework",
				"${TARGET_BUILD_DIR}/${FRAMEWORKS_FOLDER_PATH}/GoogleToolboxForMac.framework",
				"${TARGET_BUILD_DIR}/${FRAMEWORKS_FOLDER_PATH}/SinchVerification.framework",
				"${TARGET_BUILD_DIR}/${FRAMEWORKS_FOLDER_PATH}/nanopb.framework",
			);
			runOnlyForDeploymentPostprocessing = 0;
			shellPath = /bin/sh;
			shellScript = "\"${SRCROOT}/Pods/Target Support Files/Pods-bitcoinGO/Pods-bitcoinGO-frameworks.sh\"\n";
			showEnvVarsInLog = 0;
		};
		7B51AD9443BF959A7DBB9200 /* [CP] Check Pods Manifest.lock */ = {
			isa = PBXShellScriptBuildPhase;
			buildActionMask = 2147483647;
			files = (
			);
			inputPaths = (
				"${PODS_PODFILE_DIR_PATH}/Podfile.lock",
				"${PODS_ROOT}/Manifest.lock",
			);
			name = "[CP] Check Pods Manifest.lock";
			outputPaths = (
				"$(DERIVED_FILE_DIR)/Pods-bitcoinGOUITests-checkManifestLockResult.txt",
			);
			runOnlyForDeploymentPostprocessing = 0;
			shellPath = /bin/sh;
			shellScript = "diff \"${PODS_PODFILE_DIR_PATH}/Podfile.lock\" \"${PODS_ROOT}/Manifest.lock\" > /dev/null\nif [ $? != 0 ] ; then\n    # print error to STDERR\n    echo \"error: The sandbox is not in sync with the Podfile.lock. Run 'pod install' or update your CocoaPods installation.\" >&2\n    exit 1\nfi\n# This output is used by Xcode 'outputs' to avoid re-running this script phase.\necho \"SUCCESS\" > \"${SCRIPT_OUTPUT_FILE_0}\"\n";
			showEnvVarsInLog = 0;
		};
		99461309610B8D22A5A23757 /* [CP] Check Pods Manifest.lock */ = {
			isa = PBXShellScriptBuildPhase;
			buildActionMask = 2147483647;
			files = (
			);
			inputPaths = (
				"${PODS_PODFILE_DIR_PATH}/Podfile.lock",
				"${PODS_ROOT}/Manifest.lock",
			);
			name = "[CP] Check Pods Manifest.lock";
			outputPaths = (
				"$(DERIVED_FILE_DIR)/Pods-bitcoinGOTests-checkManifestLockResult.txt",
			);
			runOnlyForDeploymentPostprocessing = 0;
			shellPath = /bin/sh;
			shellScript = "diff \"${PODS_PODFILE_DIR_PATH}/Podfile.lock\" \"${PODS_ROOT}/Manifest.lock\" > /dev/null\nif [ $? != 0 ] ; then\n    # print error to STDERR\n    echo \"error: The sandbox is not in sync with the Podfile.lock. Run 'pod install' or update your CocoaPods installation.\" >&2\n    exit 1\nfi\n# This output is used by Xcode 'outputs' to avoid re-running this script phase.\necho \"SUCCESS\" > \"${SCRIPT_OUTPUT_FILE_0}\"\n";
			showEnvVarsInLog = 0;
		};
/* End PBXShellScriptBuildPhase section */

/* Begin PBXSourcesBuildPhase section */
		6E68ED2020AE155B00A2DD47 /* Sources */ = {
			isa = PBXSourcesBuildPhase;
			buildActionMask = 2147483647;
			files = (
				6E68ED2A20AE155B00A2DD47 /* HomeViewController.swift in Sources */,
				6E68ED2820AE155B00A2DD47 /* AppDelegate.swift in Sources */,
				6E1DFFF120B4C76D0037F27D /* LabelExtension.swift in Sources */,
				6EB68BE520B6395B00C45739 /* MapViewController.swift in Sources */,
				6EB68BE720B7524300C45739 /* SignUpViewController.swift in Sources */,
			);
			runOnlyForDeploymentPostprocessing = 0;
		};
		6E68ED3420AE155E00A2DD47 /* Sources */ = {
			isa = PBXSourcesBuildPhase;
			buildActionMask = 2147483647;
			files = (
				6E68ED3D20AE155F00A2DD47 /* bitcoinGOTests.swift in Sources */,
			);
			runOnlyForDeploymentPostprocessing = 0;
		};
		6E68ED3F20AE155F00A2DD47 /* Sources */ = {
			isa = PBXSourcesBuildPhase;
			buildActionMask = 2147483647;
			files = (
				6E68ED4820AE155F00A2DD47 /* bitcoinGOUITests.swift in Sources */,
			);
			runOnlyForDeploymentPostprocessing = 0;
		};
/* End PBXSourcesBuildPhase section */

/* Begin PBXTargetDependency section */
		6E68ED3A20AE155F00A2DD47 /* PBXTargetDependency */ = {
			isa = PBXTargetDependency;
			target = 6E68ED2320AE155B00A2DD47 /* bitcoinGO */;
			targetProxy = 6E68ED3920AE155F00A2DD47 /* PBXContainerItemProxy */;
		};
		6E68ED4520AE155F00A2DD47 /* PBXTargetDependency */ = {
			isa = PBXTargetDependency;
			target = 6E68ED2320AE155B00A2DD47 /* bitcoinGO */;
			targetProxy = 6E68ED4420AE155F00A2DD47 /* PBXContainerItemProxy */;
		};
/* End PBXTargetDependency section */

/* Begin PBXVariantGroup section */
		6E68ED2B20AE155B00A2DD47 /* Main.storyboard */ = {
			isa = PBXVariantGroup;
			children = (
				6E68ED2C20AE155B00A2DD47 /* Base */,
			);
			name = Main.storyboard;
			sourceTree = "<group>";
		};
		6E68ED3020AE155E00A2DD47 /* LaunchScreen.storyboard */ = {
			isa = PBXVariantGroup;
			children = (
				6E68ED3120AE155E00A2DD47 /* Base */,
			);
			name = LaunchScreen.storyboard;
			sourceTree = "<group>";
		};
/* End PBXVariantGroup section */

/* Begin XCBuildConfiguration section */
		6E68ED4A20AE155F00A2DD47 /* Debug */ = {
			isa = XCBuildConfiguration;
			buildSettings = {
				ALWAYS_SEARCH_USER_PATHS = NO;
				CLANG_ANALYZER_NONNULL = YES;
				CLANG_ANALYZER_NUMBER_OBJECT_CONVERSION = YES_AGGRESSIVE;
				CLANG_CXX_LANGUAGE_STANDARD = "gnu++14";
				CLANG_CXX_LIBRARY = "libc++";
				CLANG_ENABLE_MODULES = YES;
				CLANG_ENABLE_OBJC_ARC = YES;
				CLANG_ENABLE_OBJC_WEAK = YES;
				CLANG_WARN_BLOCK_CAPTURE_AUTORELEASING = YES;
				CLANG_WARN_BOOL_CONVERSION = YES;
				CLANG_WARN_COMMA = YES;
				CLANG_WARN_CONSTANT_CONVERSION = YES;
				CLANG_WARN_DEPRECATED_OBJC_IMPLEMENTATIONS = YES;
				CLANG_WARN_DIRECT_OBJC_ISA_USAGE = YES_ERROR;
				CLANG_WARN_DOCUMENTATION_COMMENTS = YES;
				CLANG_WARN_EMPTY_BODY = YES;
				CLANG_WARN_ENUM_CONVERSION = YES;
				CLANG_WARN_INFINITE_RECURSION = YES;
				CLANG_WARN_INT_CONVERSION = YES;
				CLANG_WARN_NON_LITERAL_NULL_CONVERSION = YES;
				CLANG_WARN_OBJC_IMPLICIT_RETAIN_SELF = YES;
				CLANG_WARN_OBJC_LITERAL_CONVERSION = YES;
				CLANG_WARN_OBJC_ROOT_CLASS = YES_ERROR;
				CLANG_WARN_RANGE_LOOP_ANALYSIS = YES;
				CLANG_WARN_STRICT_PROTOTYPES = YES;
				CLANG_WARN_SUSPICIOUS_MOVE = YES;
				CLANG_WARN_UNGUARDED_AVAILABILITY = YES_AGGRESSIVE;
				CLANG_WARN_UNREACHABLE_CODE = YES;
				CLANG_WARN__DUPLICATE_METHOD_MATCH = YES;
				CODE_SIGN_IDENTITY = "iPhone Developer";
				COPY_PHASE_STRIP = NO;
				DEBUG_INFORMATION_FORMAT = dwarf;
				ENABLE_STRICT_OBJC_MSGSEND = YES;
				ENABLE_TESTABILITY = YES;
				GCC_C_LANGUAGE_STANDARD = gnu11;
				GCC_DYNAMIC_NO_PIC = NO;
				GCC_NO_COMMON_BLOCKS = YES;
				GCC_OPTIMIZATION_LEVEL = 0;
				GCC_PREPROCESSOR_DEFINITIONS = (
					"DEBUG=1",
					"$(inherited)",
				);
				GCC_WARN_64_TO_32_BIT_CONVERSION = YES;
				GCC_WARN_ABOUT_RETURN_TYPE = YES_ERROR;
				GCC_WARN_UNDECLARED_SELECTOR = YES;
				GCC_WARN_UNINITIALIZED_AUTOS = YES_AGGRESSIVE;
				GCC_WARN_UNUSED_FUNCTION = YES;
				GCC_WARN_UNUSED_VARIABLE = YES;
				IPHONEOS_DEPLOYMENT_TARGET = 11.3;
				MTL_ENABLE_DEBUG_INFO = YES;
				ONLY_ACTIVE_ARCH = YES;
				SDKROOT = iphoneos;
				SWIFT_ACTIVE_COMPILATION_CONDITIONS = DEBUG;
				SWIFT_OPTIMIZATION_LEVEL = "-Onone";
			};
			name = Debug;
		};
		6E68ED4B20AE155F00A2DD47 /* Release */ = {
			isa = XCBuildConfiguration;
			buildSettings = {
				ALWAYS_SEARCH_USER_PATHS = NO;
				CLANG_ANALYZER_NONNULL = YES;
				CLANG_ANALYZER_NUMBER_OBJECT_CONVERSION = YES_AGGRESSIVE;
				CLANG_CXX_LANGUAGE_STANDARD = "gnu++14";
				CLANG_CXX_LIBRARY = "libc++";
				CLANG_ENABLE_MODULES = YES;
				CLANG_ENABLE_OBJC_ARC = YES;
				CLANG_ENABLE_OBJC_WEAK = YES;
				CLANG_WARN_BLOCK_CAPTURE_AUTORELEASING = YES;
				CLANG_WARN_BOOL_CONVERSION = YES;
				CLANG_WARN_COMMA = YES;
				CLANG_WARN_CONSTANT_CONVERSION = YES;
				CLANG_WARN_DEPRECATED_OBJC_IMPLEMENTATIONS = YES;
				CLANG_WARN_DIRECT_OBJC_ISA_USAGE = YES_ERROR;
				CLANG_WARN_DOCUMENTATION_COMMENTS = YES;
				CLANG_WARN_EMPTY_BODY = YES;
				CLANG_WARN_ENUM_CONVERSION = YES;
				CLANG_WARN_INFINITE_RECURSION = YES;
				CLANG_WARN_INT_CONVERSION = YES;
				CLANG_WARN_NON_LITERAL_NULL_CONVERSION = YES;
				CLANG_WARN_OBJC_IMPLICIT_RETAIN_SELF = YES;
				CLANG_WARN_OBJC_LITERAL_CONVERSION = YES;
				CLANG_WARN_OBJC_ROOT_CLASS = YES_ERROR;
				CLANG_WARN_RANGE_LOOP_ANALYSIS = YES;
				CLANG_WARN_STRICT_PROTOTYPES = YES;
				CLANG_WARN_SUSPICIOUS_MOVE = YES;
				CLANG_WARN_UNGUARDED_AVAILABILITY = YES_AGGRESSIVE;
				CLANG_WARN_UNREACHABLE_CODE = YES;
				CLANG_WARN__DUPLICATE_METHOD_MATCH = YES;
				CODE_SIGN_IDENTITY = "iPhone Developer";
				COPY_PHASE_STRIP = NO;
				DEBUG_INFORMATION_FORMAT = "dwarf-with-dsym";
				ENABLE_NS_ASSERTIONS = NO;
				ENABLE_STRICT_OBJC_MSGSEND = YES;
				GCC_C_LANGUAGE_STANDARD = gnu11;
				GCC_NO_COMMON_BLOCKS = YES;
				GCC_WARN_64_TO_32_BIT_CONVERSION = YES;
				GCC_WARN_ABOUT_RETURN_TYPE = YES_ERROR;
				GCC_WARN_UNDECLARED_SELECTOR = YES;
				GCC_WARN_UNINITIALIZED_AUTOS = YES_AGGRESSIVE;
				GCC_WARN_UNUSED_FUNCTION = YES;
				GCC_WARN_UNUSED_VARIABLE = YES;
				IPHONEOS_DEPLOYMENT_TARGET = 11.3;
				MTL_ENABLE_DEBUG_INFO = NO;
				SDKROOT = iphoneos;
				SWIFT_COMPILATION_MODE = wholemodule;
				SWIFT_OPTIMIZATION_LEVEL = "-O";
				VALIDATE_PRODUCT = YES;
			};
			name = Release;
		};
		6E68ED4D20AE155F00A2DD47 /* Debug */ = {
			isa = XCBuildConfiguration;
			baseConfigurationReference = E266BE0F7E425AB5A204A559 /* Pods-bitcoinGO.debug.xcconfig */;
			buildSettings = {
				ASSETCATALOG_COMPILER_APPICON_NAME = AppIcon;
				CODE_SIGN_ENTITLEMENTS = bitcoinGO/bitcoinGO.entitlements;
				CODE_SIGN_STYLE = Automatic;
				DEVELOPMENT_TEAM = L89SXYWHQB;
				INFOPLIST_FILE = bitcoinGO/Info.plist;
				LD_RUNPATH_SEARCH_PATHS = (
					"$(inherited)",
					"@executable_path/Frameworks",
				);
				PRODUCT_BUNDLE_IDENTIFIER = jasoncrouse.bitcoinGO;
				PRODUCT_NAME = "$(TARGET_NAME)";
				SWIFT_VERSION = 4.0;
				TARGETED_DEVICE_FAMILY = "1,2";
			};
			name = Debug;
		};
		6E68ED4E20AE155F00A2DD47 /* Release */ = {
			isa = XCBuildConfiguration;
			baseConfigurationReference = 5D95CB743A37C735F48ADE1C /* Pods-bitcoinGO.release.xcconfig */;
			buildSettings = {
				ASSETCATALOG_COMPILER_APPICON_NAME = AppIcon;
				CODE_SIGN_ENTITLEMENTS = bitcoinGO/bitcoinGO.entitlements;
				CODE_SIGN_STYLE = Automatic;
				DEVELOPMENT_TEAM = L89SXYWHQB;
				INFOPLIST_FILE = bitcoinGO/Info.plist;
				LD_RUNPATH_SEARCH_PATHS = (
					"$(inherited)",
					"@executable_path/Frameworks",
				);
				PRODUCT_BUNDLE_IDENTIFIER = jasoncrouse.bitcoinGO;
				PRODUCT_NAME = "$(TARGET_NAME)";
				SWIFT_VERSION = 4.0;
				TARGETED_DEVICE_FAMILY = "1,2";
			};
			name = Release;
		};
		6E68ED5020AE155F00A2DD47 /* Debug */ = {
			isa = XCBuildConfiguration;
			baseConfigurationReference = 1269F5C75AFE16217ACFF4E1 /* Pods-bitcoinGOTests.debug.xcconfig */;
			buildSettings = {
				ALWAYS_EMBED_SWIFT_STANDARD_LIBRARIES = YES;
				BUNDLE_LOADER = "$(TEST_HOST)";
				CODE_SIGN_STYLE = Automatic;
				INFOPLIST_FILE = bitcoinGOTests/Info.plist;
				LD_RUNPATH_SEARCH_PATHS = (
					"$(inherited)",
					"@executable_path/Frameworks",
					"@loader_path/Frameworks",
				);
				PRODUCT_BUNDLE_IDENTIFIER = jasoncrouse.bitcoinGOTests;
				PRODUCT_NAME = "$(TARGET_NAME)";
				SWIFT_VERSION = 4.0;
				TARGETED_DEVICE_FAMILY = "1,2";
				TEST_HOST = "$(BUILT_PRODUCTS_DIR)/bitcoinGO.app/bitcoinGO";
			};
			name = Debug;
		};
		6E68ED5120AE155F00A2DD47 /* Release */ = {
			isa = XCBuildConfiguration;
			baseConfigurationReference = 4E49BA6CECEFFB0FF8A61885 /* Pods-bitcoinGOTests.release.xcconfig */;
			buildSettings = {
				ALWAYS_EMBED_SWIFT_STANDARD_LIBRARIES = YES;
				BUNDLE_LOADER = "$(TEST_HOST)";
				CODE_SIGN_STYLE = Automatic;
				INFOPLIST_FILE = bitcoinGOTests/Info.plist;
				LD_RUNPATH_SEARCH_PATHS = (
					"$(inherited)",
					"@executable_path/Frameworks",
					"@loader_path/Frameworks",
				);
				PRODUCT_BUNDLE_IDENTIFIER = jasoncrouse.bitcoinGOTests;
				PRODUCT_NAME = "$(TARGET_NAME)";
				SWIFT_VERSION = 4.0;
				TARGETED_DEVICE_FAMILY = "1,2";
				TEST_HOST = "$(BUILT_PRODUCTS_DIR)/bitcoinGO.app/bitcoinGO";
			};
			name = Release;
		};
		6E68ED5320AE155F00A2DD47 /* Debug */ = {
			isa = XCBuildConfiguration;
			baseConfigurationReference = 654CF1190F14C24444F71FC1 /* Pods-bitcoinGOUITests.debug.xcconfig */;
			buildSettings = {
				ALWAYS_EMBED_SWIFT_STANDARD_LIBRARIES = YES;
				CODE_SIGN_STYLE = Automatic;
				INFOPLIST_FILE = bitcoinGOUITests/Info.plist;
				LD_RUNPATH_SEARCH_PATHS = (
					"$(inherited)",
					"@executable_path/Frameworks",
					"@loader_path/Frameworks",
				);
				PRODUCT_BUNDLE_IDENTIFIER = jasoncrouse.bitcoinGOUITests;
				PRODUCT_NAME = "$(TARGET_NAME)";
				SWIFT_VERSION = 4.0;
				TARGETED_DEVICE_FAMILY = "1,2";
				TEST_TARGET_NAME = bitcoinGO;
			};
			name = Debug;
		};
		6E68ED5420AE155F00A2DD47 /* Release */ = {
			isa = XCBuildConfiguration;
			baseConfigurationReference = 6B7678607E12E40B19386EC3 /* Pods-bitcoinGOUITests.release.xcconfig */;
			buildSettings = {
				ALWAYS_EMBED_SWIFT_STANDARD_LIBRARIES = YES;
				CODE_SIGN_STYLE = Automatic;
				INFOPLIST_FILE = bitcoinGOUITests/Info.plist;
				LD_RUNPATH_SEARCH_PATHS = (
					"$(inherited)",
					"@executable_path/Frameworks",
					"@loader_path/Frameworks",
				);
				PRODUCT_BUNDLE_IDENTIFIER = jasoncrouse.bitcoinGOUITests;
				PRODUCT_NAME = "$(TARGET_NAME)";
				SWIFT_VERSION = 4.0;
				TARGETED_DEVICE_FAMILY = "1,2";
				TEST_TARGET_NAME = bitcoinGO;
			};
			name = Release;
		};
/* End XCBuildConfiguration section */

/* Begin XCConfigurationList section */
		6E68ED1F20AE155B00A2DD47 /* Build configuration list for PBXProject "bitcoinGO" */ = {
			isa = XCConfigurationList;
			buildConfigurations = (
				6E68ED4A20AE155F00A2DD47 /* Debug */,
				6E68ED4B20AE155F00A2DD47 /* Release */,
			);
			defaultConfigurationIsVisible = 0;
			defaultConfigurationName = Release;
		};
		6E68ED4C20AE155F00A2DD47 /* Build configuration list for PBXNativeTarget "bitcoinGO" */ = {
			isa = XCConfigurationList;
			buildConfigurations = (
				6E68ED4D20AE155F00A2DD47 /* Debug */,
				6E68ED4E20AE155F00A2DD47 /* Release */,
			);
			defaultConfigurationIsVisible = 0;
			defaultConfigurationName = Release;
		};
		6E68ED4F20AE155F00A2DD47 /* Build configuration list for PBXNativeTarget "bitcoinGOTests" */ = {
			isa = XCConfigurationList;
			buildConfigurations = (
				6E68ED5020AE155F00A2DD47 /* Debug */,
				6E68ED5120AE155F00A2DD47 /* Release */,
			);
			defaultConfigurationIsVisible = 0;
			defaultConfigurationName = Release;
		};
		6E68ED5220AE155F00A2DD47 /* Build configuration list for PBXNativeTarget "bitcoinGOUITests" */ = {
			isa = XCConfigurationList;
			buildConfigurations = (
				6E68ED5320AE155F00A2DD47 /* Debug */,
				6E68ED5420AE155F00A2DD47 /* Release */,
			);
			defaultConfigurationIsVisible = 0;
			defaultConfigurationName = Release;
		};
/* End XCConfigurationList section */
	};
	rootObject = 6E68ED1C20AE155B00A2DD47 /* Project object */;
}
